{
    "_readme": [
        "This file locks the dependencies of your project to a known state",
        "Read more about it at http://getcomposer.org/doc/01-basic-usage.md#composer-lock-the-lock-file"
    ],
    "hash": "be5753bb4d15edcbe6ae5d0d56eb80ad",
    "packages": [
        {
            "name": "splitice/radical-basic",
            "version": "dev-master",
            "source": {
                "type": "git",
                "url": "https://github.com/splitice/radical-basic.git",
                "reference": "edef9b8ec59a65722b262f2ee196b393c2520513"
            },
            "dist": {
                "type": "zip",
                "url": "https://api.github.com/repos/splitice/radical-basic/zipball/edef9b8ec59a65722b262f2ee196b393c2520513",
                "reference": "edef9b8ec59a65722b262f2ee196b393c2520513",
                "shasum": ""
            },
            "require": {
                "php": ">=5.4",
                "splitice/radical-common": "*"
            },
            "type": "library",
            "autoload": {
                "psr-0": {
                    "Radical": "src"
                }
            },
            "notification-url": "https://packagist.org/downloads/",
            "license": [
                "BSD"
            ],
            "description": "Basic radical-php functionality",
            "keywords": [
                "radical-php"
            ],
            "time": "2013-12-29 06:53:16"
        },
        {
            "name": "splitice/radical-common",
            "version": "dev-master",
            "source": {
                "type": "git",
                "url": "https://github.com/splitice/radical-common.git",
                "reference": "8027939c341470946c711e66de0d547f7a946f04"
            },
            "dist": {
                "type": "zip",
                "url": "https://api.github.com/repos/splitice/radical-common/zipball/8027939c341470946c711e66de0d547f7a946f04",
                "reference": "8027939c341470946c711e66de0d547f7a946f04",
                "shasum": ""
            },
            "require": {
                "php": ">=5.4",
                "symfony/filesystem": "2.4.0"
            },
            "type": "library",
            "autoload": {
                "psr-0": {
                    "Radical": "src"
                }
            },
            "notification-url": "https://packagist.org/downloads/",
            "description": "radical-common",
            "keywords": [
                "radical-php"
            ],
            "time": "2013-12-29 06:52:59"
        },
        {
            "name": "splitice/radical-file",
            "version": "dev-master",
            "source": {
                "type": "git",
                "url": "https://github.com/splitice/radical-file.git",
                "reference": "c75a7b1fd7f8cf3c14102d89c72baf1c9324216e"
            },
            "dist": {
                "type": "zip",
                "url": "https://api.github.com/repos/splitice/radical-file/zipball/c75a7b1fd7f8cf3c14102d89c72baf1c9324216e",
                "reference": "c75a7b1fd7f8cf3c14102d89c72baf1c9324216e",
                "shasum": ""
            },
            "require": {
                "php": ">=5.4",
                "splitice/radical-common": "dev-master"
            },
            "type": "library",
            "autoload": {
                "psr-0": {
                    "Radical": "src"
                }
            },
            "notification-url": "https://packagist.org/downloads/",
            "description": "radical-php",
            "keywords": [
                "radical-php"
            ],
            "time": "2013-12-19 10:25:24"
        },
        {
            "name": "splitice/radical-html",
            "version": "dev-master",
            "source": {
                "type": "git",
                "url": "https://github.com/splitice/radical-html.git",
                "reference": "9f3e008ca1797624bc01e4723715a26d9c86ffaf"
            },
            "dist": {
                "type": "zip",
                "url": "https://api.github.com/repos/splitice/radical-html/zipball/9f3e008ca1797624bc01e4723715a26d9c86ffaf",
                "reference": "9f3e008ca1797624bc01e4723715a26d9c86ffaf",
                "shasum": ""
            },
            "require": {
                "php": ">=5.4"
            },
            "type": "library",
            "autoload": {
                "psr-0": {
                    "Radical": "src"
                }
            },
            "notification-url": "https://packagist.org/downloads/",
            "description": "radical-html",
            "keywords": [
                "radical-php"
            ],
            "time": "2013-12-19 08:08:16"
        },
        {
            "name": "splitice/radical-net",
            "version": "dev-master",
            "source": {
                "type": "git",
                "url": "https://github.com/splitice/radical-net.git",
                "reference": "6e58e437e0159e74c5d654ffbb1bf12c23c0bbb9"
            },
            "dist": {
                "type": "zip",
                "url": "https://api.github.com/repos/splitice/radical-net/zipball/6e58e437e0159e74c5d654ffbb1bf12c23c0bbb9",
                "reference": "6e58e437e0159e74c5d654ffbb1bf12c23c0bbb9",
                "shasum": ""
            },
            "require": {
                "php": ">=5.4",
                "splitice/radical-basic": "dev-master",
                "splitice/radical-common": "dev-master"
            },
            "type": "library",
            "autoload": {
                "psr-0": {
                    "Radical": "src"
                }
            },
            "notification-url": "https://packagist.org/downloads/",
            "description": "radical-net",
            "keywords": [
                "radical-php"
            ],
            "time": "2013-12-29 07:53:20"
        },
        {
            "name": "splitice/radical-web",
            "version": "dev-master",
            "source": {
                "type": "git",
                "url": "https://github.com/splitice/radical-web.git",
                "reference": "21802948b84a83f26ab95bd76d5986bec28e78d9"
            },
            "dist": {
                "type": "zip",
                "url": "https://api.github.com/repos/splitice/radical-web/zipball/21802948b84a83f26ab95bd76d5986bec28e78d9",
                "reference": "21802948b84a83f26ab95bd76d5986bec28e78d9",
                "shasum": ""
            },
            "require": {
                "php": ">=5.4",
                "splitice/radical-basic": "dev-master",
                "splitice/radical-common": "dev-master",
                "splitice/radical-file": "dev-master",
                "splitice/radical-html": "dev-master",
                "splitice/radical-net": "dev-master"
            },
            "type": "library",
            "autoload": {
                "psr-0": {
                    "Radical": "src"
                }
            },
            "notification-url": "https://packagist.org/downloads/",
            "description": "radical-web",
            "keywords": [
                "radical-php"
            ],
            "time": "2013-12-29 07:33:05"
        },
        {
            "name": "symfony/filesystem",
            "version": "v2.4.0",
            "target-dir": "Symfony/Component/Filesystem",
            "source": {
                "type": "git",
                "url": "https://github.com/symfony/Filesystem.git",
                "reference": "79acd777762e81d0f3414ca25a602deeeb48240d"
            },
            "dist": {
                "type": "zip",
                "url": "https://api.github.com/repos/symfony/Filesystem/zipball/79acd777762e81d0f3414ca25a602deeeb48240d",
                "reference": "79acd777762e81d0f3414ca25a602deeeb48240d",
                "shasum": ""
            },
            "require": {
                "php": ">=5.3.3"
            },
            "type": "library",
            "extra": {
                "branch-alias": {
                    "dev-master": "2.4-dev"
                }
            },
            "autoload": {
                "psr-0": {
                    "Symfony\\Component\\Filesystem\\": ""
                }
            },
            "notification-url": "https://packagist.org/downloads/",
            "license": [
                "MIT"
            ],
            "authors": [
                {
                    "name": "Fabien Potencier",
                    "email": "fabien@symfony.com"
                },
                {
                    "name": "Symfony Community",
                    "homepage": "http://symfony.com/contributors"
                }
            ],
            "description": "Symfony Filesystem Component",
            "homepage": "http://symfony.com",
            "time": "2013-11-16 15:13:54"
        }
    ],
    "packages-dev": [

    ],
    "aliases": [

    ],
    "minimum-stability": "dev",
    "stability-flags": {
        "splitice/radical-web": 20
    },
    "platform": {
        "php": ">=5.4"
    },
    "platform-dev": [

    ]
}
